// !$*UTF8*$!
{
	archiveVersion = 1;
	classes = {
	};
	objectVersion = 46;
	objects = {

/* Begin PBXBuildFile section */
		FF4A75A11EA21AA600594981 /* AppDelegate.swift in Sources */ = {isa = PBXBuildFile; fileRef = FF4A75A01EA21AA600594981 /* AppDelegate.swift */; };
		FF4A75A31EA21AA600594981 /* InitialViewController.swift in Sources */ = {isa = PBXBuildFile; fileRef = FF4A75A21EA21AA600594981 /* InitialViewController.swift */; };
		FFDEE7AC1EA2267600D8A81F /* LoginViewController.swift in Sources */ = {isa = PBXBuildFile; fileRef = FFDEE7AB1EA2267600D8A81F /* LoginViewController.swift */; };
		FFDEE7B01EA2306100D8A81F /* SignUpViewController.swift in Sources */ = {isa = PBXBuildFile; fileRef = FFDEE7AF1EA2306100D8A81F /* SignUpViewController.swift */; };
		FFDEE7B21EA230AE00D8A81F /* UIStoryboard.swift in Sources */ = {isa = PBXBuildFile; fileRef = FFDEE7B11EA230AE00D8A81F /* UIStoryboard.swift */; };
		FFDEE7C21EA23B7400D8A81F /* Assets.xcassets in Resources */ = {isa = PBXBuildFile; fileRef = FFDEE7B71EA23B7400D8A81F /* Assets.xcassets */; };
		FFDEE7C31EA23B7400D8A81F /* LaunchScreen.storyboard in Resources */ = {isa = PBXBuildFile; fileRef = FFDEE7B81EA23B7400D8A81F /* LaunchScreen.storyboard */; };
		FFDEE7C41EA23B7400D8A81F /* Main.storyboard in Resources */ = {isa = PBXBuildFile; fileRef = FFDEE7BA1EA23B7400D8A81F /* Main.storyboard */; };
		FFDEE7CB1EA23C1500D8A81F /* AppIcon.xcassets in Resources */ = {isa = PBXBuildFile; fileRef = FFDEE7CA1EA23C1500D8A81F /* AppIcon.xcassets */; };
		FFDEE7CF1EA2401200D8A81F /* Database.swift in Sources */ = {isa = PBXBuildFile; fileRef = FFDEE7CE1EA2401200D8A81F /* Database.swift */; };
		FFDEE7D11EA2459A00D8A81F /* SchoolPickerViewController.swift in Sources */ = {isa = PBXBuildFile; fileRef = FFDEE7D01EA2459A00D8A81F /* SchoolPickerViewController.swift */; };
		FFDEE7D31EA24E9700D8A81F /* ReportViewController.swift in Sources */ = {isa = PBXBuildFile; fileRef = FFDEE7D21EA24E9700D8A81F /* ReportViewController.swift */; };
		FFDEE7D91EA26CC100D8A81F /* EditClassViewController.swift in Sources */ = {isa = PBXBuildFile; fileRef = FFDEE7D81EA26CC100D8A81F /* EditClassViewController.swift */; };
		FFDEE7DB1EA26FC100D8A81F /* StudentCollectionViewCell.swift in Sources */ = {isa = PBXBuildFile; fileRef = FFDEE7DA1EA26FC100D8A81F /* StudentCollectionViewCell.swift */; };
		FFDEE7DD1EA32CC200D8A81F /* LoginManager.swift in Sources */ = {isa = PBXBuildFile; fileRef = FFDEE7DC1EA32CC200D8A81F /* LoginManager.swift */; };
/* End PBXBuildFile section */

/* Begin PBXContainerItemProxy section */
		FF4A75B21EA21AA600594981 /* PBXContainerItemProxy */ = {
			isa = PBXContainerItemProxy;
			containerPortal = FF4A75951EA21AA600594981 /* Project object */;
			proxyType = 1;
			remoteGlobalIDString = FF4A759C1EA21AA600594981;
			remoteInfo = Up2School;
		};
		FF4A75BD1EA21AA600594981 /* PBXContainerItemProxy */ = {
			isa = PBXContainerItemProxy;
			containerPortal = FF4A75951EA21AA600594981 /* Project object */;
			proxyType = 1;
			remoteGlobalIDString = FF4A759C1EA21AA600594981;
			remoteInfo = Up2School;
		};
/* End PBXContainerItemProxy section */

/* Begin PBXFileReference section */
		FF4A759D1EA21AA600594981 /* Up2School.app */ = {isa = PBXFileReference; explicitFileType = wrapper.application; includeInIndex = 0; path = Up2School.app; sourceTree = BUILT_PRODUCTS_DIR; };
		FF4A75A01EA21AA600594981 /* AppDelegate.swift */ = {isa = PBXFileReference; lastKnownFileType = sourcecode.swift; path = AppDelegate.swift; sourceTree = "<group>"; };
		FF4A75A21EA21AA600594981 /* InitialViewController.swift */ = {isa = PBXFileReference; lastKnownFileType = sourcecode.swift; path = InitialViewController.swift; sourceTree = "<group>"; };
		FF4A75B11EA21AA600594981 /* Up2SchoolTests.xctest */ = {isa = PBXFileReference; explicitFileType = wrapper.cfbundle; includeInIndex = 0; path = Up2SchoolTests.xctest; sourceTree = BUILT_PRODUCTS_DIR; };
		FF4A75BC1EA21AA600594981 /* Up2SchoolUITests.xctest */ = {isa = PBXFileReference; explicitFileType = wrapper.cfbundle; includeInIndex = 0; path = Up2SchoolUITests.xctest; sourceTree = BUILT_PRODUCTS_DIR; };
		FFDEE7AB1EA2267600D8A81F /* LoginViewController.swift */ = {isa = PBXFileReference; fileEncoding = 4; lastKnownFileType = sourcecode.swift; path = LoginViewController.swift; sourceTree = "<group>"; };
		FFDEE7AF1EA2306100D8A81F /* SignUpViewController.swift */ = {isa = PBXFileReference; fileEncoding = 4; lastKnownFileType = sourcecode.swift; path = SignUpViewController.swift; sourceTree = "<group>"; };
		FFDEE7B11EA230AE00D8A81F /* UIStoryboard.swift */ = {isa = PBXFileReference; fileEncoding = 4; lastKnownFileType = sourcecode.swift; path = UIStoryboard.swift; sourceTree = "<group>"; };
		FFDEE7B71EA23B7400D8A81F /* Assets.xcassets */ = {isa = PBXFileReference; lastKnownFileType = folder.assetcatalog; path = Assets.xcassets; sourceTree = "<group>"; };
		FFDEE7B91EA23B7400D8A81F /* Base */ = {isa = PBXFileReference; lastKnownFileType = file.storyboard; name = Base; path = Base.lproj/LaunchScreen.storyboard; sourceTree = "<group>"; };
		FFDEE7BB1EA23B7400D8A81F /* Base */ = {isa = PBXFileReference; lastKnownFileType = file.storyboard; name = Base; path = Base.lproj/Main.storyboard; sourceTree = "<group>"; };
		FFDEE7BC1EA23B7400D8A81F /* Info.plist */ = {isa = PBXFileReference; fileEncoding = 4; lastKnownFileType = text.plist.xml; path = Info.plist; sourceTree = "<group>"; };
		FFDEE7CA1EA23C1500D8A81F /* AppIcon.xcassets */ = {isa = PBXFileReference; lastKnownFileType = folder.assetcatalog; path = AppIcon.xcassets; sourceTree = "<group>"; };
		FFDEE7CE1EA2401200D8A81F /* Database.swift */ = {isa = PBXFileReference; fileEncoding = 4; lastKnownFileType = sourcecode.swift; path = Database.swift; sourceTree = "<group>"; };
		FFDEE7D01EA2459A00D8A81F /* SchoolPickerViewController.swift */ = {isa = PBXFileReference; fileEncoding = 4; lastKnownFileType = sourcecode.swift; path = SchoolPickerViewController.swift; sourceTree = "<group>"; };
		FFDEE7D21EA24E9700D8A81F /* ReportViewController.swift */ = {isa = PBXFileReference; fileEncoding = 4; lastKnownFileType = sourcecode.swift; path = ReportViewController.swift; sourceTree = "<group>"; };
		FFDEE7D81EA26CC100D8A81F /* EditClassViewController.swift */ = {isa = PBXFileReference; fileEncoding = 4; lastKnownFileType = sourcecode.swift; path = EditClassViewController.swift; sourceTree = "<group>"; };
		FFDEE7DA1EA26FC100D8A81F /* StudentCollectionViewCell.swift */ = {isa = PBXFileReference; fileEncoding = 4; lastKnownFileType = sourcecode.swift; path = StudentCollectionViewCell.swift; sourceTree = "<group>"; };
		FFDEE7DC1EA32CC200D8A81F /* LoginManager.swift */ = {isa = PBXFileReference; fileEncoding = 4; lastKnownFileType = sourcecode.swift; path = LoginManager.swift; sourceTree = "<group>"; };
/* End PBXFileReference section */

/* Begin PBXFrameworksBuildPhase section */
		FF4A759A1EA21AA600594981 /* Frameworks */ = {
			isa = PBXFrameworksBuildPhase;
			buildActionMask = 2147483647;
			files = (
			);
			runOnlyForDeploymentPostprocessing = 0;
		};
		FF4A75AE1EA21AA600594981 /* Frameworks */ = {
			isa = PBXFrameworksBuildPhase;
			buildActionMask = 2147483647;
			files = (
			);
			runOnlyForDeploymentPostprocessing = 0;
		};
		FF4A75B91EA21AA600594981 /* Frameworks */ = {
			isa = PBXFrameworksBuildPhase;
			buildActionMask = 2147483647;
			files = (
			);
			runOnlyForDeploymentPostprocessing = 0;
		};
/* End PBXFrameworksBuildPhase section */

/* Begin PBXGroup section */
		FF4A75941EA21AA600594981 = {
			isa = PBXGroup;
			children = (
				FF4A759F1EA21AA600594981 /* Up2School */,
				FF4A759E1EA21AA600594981 /* Products */,
			);
			sourceTree = "<group>";
		};
		FF4A759E1EA21AA600594981 /* Products */ = {
			isa = PBXGroup;
			children = (
				FF4A759D1EA21AA600594981 /* Up2School.app */,
				FF4A75B11EA21AA600594981 /* Up2SchoolTests.xctest */,
				FF4A75BC1EA21AA600594981 /* Up2SchoolUITests.xctest */,
			);
			name = Products;
			sourceTree = "<group>";
		};
		FF4A759F1EA21AA600594981 /* Up2School */ = {
			isa = PBXGroup;
			children = (
				FF4A75A01EA21AA600594981 /* AppDelegate.swift */,
				FF4A75A21EA21AA600594981 /* InitialViewController.swift */,
				FFDEE7AB1EA2267600D8A81F /* LoginViewController.swift */,
				FFDEE7AF1EA2306100D8A81F /* SignUpViewController.swift */,
				FFDEE7DC1EA32CC200D8A81F /* LoginManager.swift */,
				FFDEE7D01EA2459A00D8A81F /* SchoolPickerViewController.swift */,
				FFDEE7D21EA24E9700D8A81F /* ReportViewController.swift */,
				FFDEE7D81EA26CC100D8A81F /* EditClassViewController.swift */,
				FFDEE7DA1EA26FC100D8A81F /* StudentCollectionViewCell.swift */,
				FFDEE7B11EA230AE00D8A81F /* UIStoryboard.swift */,
				FFDEE7CE1EA2401200D8A81F /* Database.swift */,
				FFDEE7BA1EA23B7400D8A81F /* Main.storyboard */,
				FFDEE7B51EA23B7400D8A81F /* Resources */,
			);
			path = Up2School;
			sourceTree = "<group>";
		};
		FFDEE7B51EA23B7400D8A81F /* Resources */ = {
			isa = PBXGroup;
			children = (
				FFDEE7B71EA23B7400D8A81F /* Assets.xcassets */,
				FFDEE7B81EA23B7400D8A81F /* LaunchScreen.storyboard */,
				FFDEE7BC1EA23B7400D8A81F /* Info.plist */,
				FFDEE7CA1EA23C1500D8A81F /* AppIcon.xcassets */,
			);
			path = Resources;
			sourceTree = "<group>";
		};
/* End PBXGroup section */

/* Begin PBXNativeTarget section */
		FF4A759C1EA21AA600594981 /* Up2School */ = {
			isa = PBXNativeTarget;
			buildConfigurationList = FF4A75C51EA21AA600594981 /* Build configuration list for PBXNativeTarget "Up2School" */;
			buildPhases = (
				FF4A75991EA21AA600594981 /* Sources */,
				FF4A759A1EA21AA600594981 /* Frameworks */,
				FF4A759B1EA21AA600594981 /* Resources */,
			);
			buildRules = (
			);
			dependencies = (
			);
			name = Up2School;
			productName = Up2School;
			productReference = FF4A759D1EA21AA600594981 /* Up2School.app */;
			productType = "com.apple.product-type.application";
		};
		FF4A75B01EA21AA600594981 /* Up2SchoolTests */ = {
			isa = PBXNativeTarget;
			buildConfigurationList = FF4A75C81EA21AA600594981 /* Build configuration list for PBXNativeTarget "Up2SchoolTests" */;
			buildPhases = (
				FF4A75AD1EA21AA600594981 /* Sources */,
				FF4A75AE1EA21AA600594981 /* Frameworks */,
				FF4A75AF1EA21AA600594981 /* Resources */,
			);
			buildRules = (
			);
			dependencies = (
				FF4A75B31EA21AA600594981 /* PBXTargetDependency */,
			);
			name = Up2SchoolTests;
			productName = Up2SchoolTests;
			productReference = FF4A75B11EA21AA600594981 /* Up2SchoolTests.xctest */;
			productType = "com.apple.product-type.bundle.unit-test";
		};
		FF4A75BB1EA21AA600594981 /* Up2SchoolUITests */ = {
			isa = PBXNativeTarget;
			buildConfigurationList = FF4A75CB1EA21AA600594981 /* Build configuration list for PBXNativeTarget "Up2SchoolUITests" */;
			buildPhases = (
				FF4A75B81EA21AA600594981 /* Sources */,
				FF4A75B91EA21AA600594981 /* Frameworks */,
				FF4A75BA1EA21AA600594981 /* Resources */,
			);
			buildRules = (
			);
			dependencies = (
				FF4A75BE1EA21AA600594981 /* PBXTargetDependency */,
			);
			name = Up2SchoolUITests;
			productName = Up2SchoolUITests;
			productReference = FF4A75BC1EA21AA600594981 /* Up2SchoolUITests.xctest */;
			productType = "com.apple.product-type.bundle.ui-testing";
		};
/* End PBXNativeTarget section */

/* Begin PBXProject section */
		FF4A75951EA21AA600594981 /* Project object */ = {
			isa = PBXProject;
			attributes = {
				LastSwiftUpdateCheck = 0830;
				LastUpgradeCheck = 0830;
				ORGANIZATIONNAME = Up2School;
				TargetAttributes = {
					FF4A759C1EA21AA600594981 = {
						CreatedOnToolsVersion = 8.3.1;
						DevelopmentTeam = QE33WF5A23;
						ProvisioningStyle = Automatic;
					};
					FF4A75B01EA21AA600594981 = {
						CreatedOnToolsVersion = 8.3.1;
						DevelopmentTeam = QE33WF5A23;
						ProvisioningStyle = Automatic;
						TestTargetID = FF4A759C1EA21AA600594981;
					};
					FF4A75BB1EA21AA600594981 = {
						CreatedOnToolsVersion = 8.3.1;
						DevelopmentTeam = QE33WF5A23;
						ProvisioningStyle = Automatic;
						TestTargetID = FF4A759C1EA21AA600594981;
					};
				};
			};
			buildConfigurationList = FF4A75981EA21AA600594981 /* Build configuration list for PBXProject "Up2School" */;
			compatibilityVersion = "Xcode 3.2";
			developmentRegion = English;
			hasScannedForEncodings = 0;
			knownRegions = (
				en,
				Base,
			);
			mainGroup = FF4A75941EA21AA600594981;
			productRefGroup = FF4A759E1EA21AA600594981 /* Products */;
			projectDirPath = "";
			projectRoot = "";
			targets = (
				FF4A759C1EA21AA600594981 /* Up2School */,
				FF4A75B01EA21AA600594981 /* Up2SchoolTests */,
				FF4A75BB1EA21AA600594981 /* Up2SchoolUITests */,
			);
		};
/* End PBXProject section */

/* Begin PBXResourcesBuildPhase section */
		FF4A759B1EA21AA600594981 /* Resources */ = {
			isa = PBXResourcesBuildPhase;
			buildActionMask = 2147483647;
			files = (
				FFDEE7CB1EA23C1500D8A81F /* AppIcon.xcassets in Resources */,
				FFDEE7C31EA23B7400D8A81F /* LaunchScreen.storyboard in Resources */,
				FFDEE7C21EA23B7400D8A81F /* Assets.xcassets in Resources */,
				FFDEE7C41EA23B7400D8A81F /* Main.storyboard in Resources */,
			);
			runOnlyForDeploymentPostprocessing = 0;
		};
		FF4A75AF1EA21AA600594981 /* Resources */ = {
			isa = PBXResourcesBuildPhase;
			buildActionMask = 2147483647;
			files = (
			);
			runOnlyForDeploymentPostprocessing = 0;
		};
		FF4A75BA1EA21AA600594981 /* Resources */ = {
			isa = PBXResourcesBuildPhase;
			buildActionMask = 2147483647;
			files = (
			);
			runOnlyForDeploymentPostprocessing = 0;
		};
/* End PBXResourcesBuildPhase section */

/* Begin PBXSourcesBuildPhase section */
		FF4A75991EA21AA600594981 /* Sources */ = {
			isa = PBXSourcesBuildPhase;
			buildActionMask = 2147483647;
			files = (
				FFDEE7DB1EA26FC100D8A81F /* StudentCollectionViewCell.swift in Sources */,
				FFDEE7D31EA24E9700D8A81F /* ReportViewController.swift in Sources */,
				FFDEE7CF1EA2401200D8A81F /* Database.swift in Sources */,
				FFDEE7AC1EA2267600D8A81F /* LoginViewController.swift in Sources */,
				FFDEE7D11EA2459A00D8A81F /* SchoolPickerViewController.swift in Sources */,
				FFDEE7B21EA230AE00D8A81F /* UIStoryboard.swift in Sources */,
				FF4A75A31EA21AA600594981 /* InitialViewController.swift in Sources */,
				FFDEE7DD1EA32CC200D8A81F /* LoginManager.swift in Sources */,
				FFDEE7D91EA26CC100D8A81F /* EditClassViewController.swift in Sources */,
				FFDEE7B01EA2306100D8A81F /* SignUpViewController.swift in Sources */,
				FF4A75A11EA21AA600594981 /* AppDelegate.swift in Sources */,
			);
			runOnlyForDeploymentPostprocessing = 0;
		};
		FF4A75AD1EA21AA600594981 /* Sources */ = {
			isa = PBXSourcesBuildPhase;
			buildActionMask = 2147483647;
			files = (
			);
			runOnlyForDeploymentPostprocessing = 0;
		};
		FF4A75B81EA21AA600594981 /* Sources */ = {
			isa = PBXSourcesBuildPhase;
			buildActionMask = 2147483647;
			files = (
			);
			runOnlyForDeploymentPostprocessing = 0;
		};
/* End PBXSourcesBuildPhase section */

/* Begin PBXTargetDependency section */
		FF4A75B31EA21AA600594981 /* PBXTargetDependency */ = {
			isa = PBXTargetDependency;
			target = FF4A759C1EA21AA600594981 /* Up2School */;
			targetProxy = FF4A75B21EA21AA600594981 /* PBXContainerItemProxy */;
		};
		FF4A75BE1EA21AA600594981 /* PBXTargetDependency */ = {
			isa = PBXTargetDependency;
			target = FF4A759C1EA21AA600594981 /* Up2School */;
			targetProxy = FF4A75BD1EA21AA600594981 /* PBXContainerItemProxy */;
		};
/* End PBXTargetDependency section */

/* Begin PBXVariantGroup section */
		FFDEE7B81EA23B7400D8A81F /* LaunchScreen.storyboard */ = {
			isa = PBXVariantGroup;
			children = (
				FFDEE7B91EA23B7400D8A81F /* Base */,
			);
			name = LaunchScreen.storyboard;
			sourceTree = "<group>";
		};
		FFDEE7BA1EA23B7400D8A81F /* Main.storyboard */ = {
			isa = PBXVariantGroup;
			children = (
				FFDEE7BB1EA23B7400D8A81F /* Base */,
			);
			name = Main.storyboard;
			path = Resources;
			sourceTree = "<group>";
		};
/* End PBXVariantGroup section */

/* Begin XCBuildConfiguration section */
		FF4A75C31EA21AA600594981 /* Debug */ = {
			isa = XCBuildConfiguration;
			buildSettings = {
				ALWAYS_SEARCH_USER_PATHS = NO;
				CLANG_ANALYZER_NONNULL = YES;
				CLANG_ANALYZER_NUMBER_OBJECT_CONVERSION = YES_AGGRESSIVE;
				CLANG_CXX_LANGUAGE_STANDARD = "gnu++0x";
				CLANG_CXX_LIBRARY = "libc++";
				CLANG_ENABLE_MODULES = YES;
				CLANG_ENABLE_OBJC_ARC = YES;
				CLANG_WARN_BOOL_CONVERSION = YES;
				CLANG_WARN_CONSTANT_CONVERSION = YES;
				CLANG_WARN_DIRECT_OBJC_ISA_USAGE = YES_ERROR;
				CLANG_WARN_DOCUMENTATION_COMMENTS = YES;
				CLANG_WARN_EMPTY_BODY = YES;
				CLANG_WARN_ENUM_CONVERSION = YES;
				CLANG_WARN_INFINITE_RECURSION = YES;
				CLANG_WARN_INT_CONVERSION = YES;
				CLANG_WARN_OBJC_ROOT_CLASS = YES_ERROR;
				CLANG_WARN_SUSPICIOUS_MOVE = YES;
				CLANG_WARN_UNREACHABLE_CODE = YES;
				CLANG_WARN__DUPLICATE_METHOD_MATCH = YES;
				"CODE_SIGN_IDENTITY[sdk=iphoneos*]" = "iPhone Developer";
				COPY_PHASE_STRIP = NO;
				DEBUG_INFORMATION_FORMAT = dwarf;
				ENABLE_STRICT_OBJC_MSGSEND = YES;
				ENABLE_TESTABILITY = YES;
				GCC_C_LANGUAGE_STANDARD = gnu99;
				GCC_DYNAMIC_NO_PIC = NO;
				GCC_NO_COMMON_BLOCKS = YES;
				GCC_OPTIMIZATION_LEVEL = 0;
				GCC_PREPROCESSOR_DEFINITIONS = (
					"DEBUG=1",
					"$(inherited)",
				);
				GCC_WARN_64_TO_32_BIT_CONVERSION = YES;
				GCC_WARN_ABOUT_RETURN_TYPE = YES_ERROR;
				GCC_WARN_UNDECLARED_SELECTOR = YES;
				GCC_WARN_UNINITIALIZED_AUTOS = YES_AGGRESSIVE;
				GCC_WARN_UNUSED_FUNCTION = YES;
				GCC_WARN_UNUSED_VARIABLE = YES;
				IPHONEOS_DEPLOYMENT_TARGET = 10.3;
				MTL_ENABLE_DEBUG_INFO = YES;
				ONLY_ACTIVE_ARCH = YES;
				SDKROOT = iphoneos;
				SWIFT_ACTIVE_COMPILATION_CONDITIONS = DEBUG;
				SWIFT_OPTIMIZATION_LEVEL = "-Onone";
				TARGETED_DEVICE_FAMILY = "1,2";
			};
			name = Debug;
		};
		FF4A75C41EA21AA600594981 /* Release */ = {
			isa = XCBuildConfiguration;
			buildSettings = {
				ALWAYS_SEARCH_USER_PATHS = NO;
				CLANG_ANALYZER_NONNULL = YES;
				CLANG_ANALYZER_NUMBER_OBJECT_CONVERSION = YES_AGGRESSIVE;
				CLANG_CXX_LANGUAGE_STANDARD = "gnu++0x";
				CLANG_CXX_LIBRARY = "libc++";
				CLANG_ENABLE_MODULES = YES;
				CLANG_ENABLE_OBJC_ARC = YES;
				CLANG_WARN_BOOL_CONVERSION = YES;
				CLANG_WARN_CONSTANT_CONVERSION = YES;
				CLANG_WARN_DIRECT_OBJC_ISA_USAGE = YES_ERROR;
				CLANG_WARN_DOCUMENTATION_COMMENTS = YES;
				CLANG_WARN_EMPTY_BODY = YES;
				CLANG_WARN_ENUM_CONVERSION = YES;
				CLANG_WARN_INFINITE_RECURSION = YES;
				CLANG_WARN_INT_CONVERSION = YES;
				CLANG_WARN_OBJC_ROOT_CLASS = YES_ERROR;
				CLANG_WARN_SUSPICIOUS_MOVE = YES;
				CLANG_WARN_UNREACHABLE_CODE = YES;
				CLANG_WARN__DUPLICATE_METHOD_MATCH = YES;
				"CODE_SIGN_IDENTITY[sdk=iphoneos*]" = "iPhone Developer";
				COPY_PHASE_STRIP = NO;
				DEBUG_INFORMATION_FORMAT = "dwarf-with-dsym";
				ENABLE_NS_ASSERTIONS = NO;
				ENABLE_STRICT_OBJC_MSGSEND = YES;
				GCC_C_LANGUAGE_STANDARD = gnu99;
				GCC_NO_COMMON_BLOCKS = YES;
				GCC_WARN_64_TO_32_BIT_CONVERSION = YES;
				GCC_WARN_ABOUT_RETURN_TYPE = YES_ERROR;
				GCC_WARN_UNDECLARED_SELECTOR = YES;
				GCC_WARN_UNINITIALIZED_AUTOS = YES_AGGRESSIVE;
				GCC_WARN_UNUSED_FUNCTION = YES;
				GCC_WARN_UNUSED_VARIABLE = YES;
				IPHONEOS_DEPLOYMENT_TARGET = 10.3;
				MTL_ENABLE_DEBUG_INFO = NO;
				SDKROOT = iphoneos;
				SWIFT_OPTIMIZATION_LEVEL = "-Owholemodule";
				TARGETED_DEVICE_FAMILY = "1,2";
				VALIDATE_PRODUCT = YES;
			};
			name = Release;
		};
		FF4A75C61EA21AA600594981 /* Debug */ = {
			isa = XCBuildConfiguration;
			buildSettings = {
				ASSETCATALOG_COMPILER_APPICON_NAME = AppIcon;
				DEVELOPMENT_TEAM = QE33WF5A23;
				INFOPLIST_FILE = "$(SRCROOT)/Up2School/Resources/Info.plist";
				IPHONEOS_DEPLOYMENT_TARGET = 9.0;
				LD_RUNPATH_SEARCH_PATHS = "$(inherited) @executable_path/Frameworks";
				PRODUCT_BUNDLE_IDENTIFIER = up2school.Up2School;
				PRODUCT_NAME = "$(TARGET_NAME)";
				SWIFT_VERSION = 3.0;
				TARGETED_DEVICE_FAMILY = "1,2";
			};
			name = Debug;
		};
		FF4A75C71EA21AA600594981 /* Release */ = {
			isa = XCBuildConfiguration;
			buildSettings = {
				ASSETCATALOG_COMPILER_APPICON_NAME = AppIcon;
				DEVELOPMENT_TEAM = QE33WF5A23;
				INFOPLIST_FILE = "$(SRCROOT)/Up2School/Resources/Info.plist";
				IPHONEOS_DEPLOYMENT_TARGET = 9.0;
				LD_RUNPATH_SEARCH_PATHS = "$(inherited) @executable_path/Frameworks";
				PRODUCT_BUNDLE_IDENTIFIER = up2school.Up2School;
				PRODUCT_NAME = "$(TARGET_NAME)";
				SWIFT_VERSION = 3.0;
				TARGETED_DEVICE_FAMILY = "1,2";
			};
			name = Release;
		};
		FF4A75C91EA21AA600594981 /* Debug */ = {
			isa = XCBuildConfiguration;
			buildSettings = {
				ALWAYS_EMBED_SWIFT_STANDARD_LIBRARIES = YES;
				BUNDLE_LOADER = "$(TEST_HOST)";
				DEVELOPMENT_TEAM = QE33WF5A23;
				INFOPLIST_FILE = Up2SchoolTests/Info.plist;
				LD_RUNPATH_SEARCH_PATHS = "$(inherited) @executable_path/Frameworks @loader_path/Frameworks";
				PRODUCT_BUNDLE_IDENTIFIER = up2school.Up2SchoolTests;
				PRODUCT_NAME = "$(TARGET_NAME)";
				SWIFT_VERSION = 3.0;
				TEST_HOST = "$(BUILT_PRODUCTS_DIR)/Up2School.app/Up2School";
			};
			name = Debug;
		};
		FF4A75CA1EA21AA600594981 /* Release */ = {
			isa = XCBuildConfiguration;
			buildSettings = {
				ALWAYS_EMBED_SWIFT_STANDARD_LIBRARIES = YES;
				BUNDLE_LOADER = "$(TEST_HOST)";
				DEVELOPMENT_TEAM = QE33WF5A23;
				INFOPLIST_FILE = Up2SchoolTests/Info.plist;
				LD_RUNPATH_SEARCH_PATHS = "$(inherited) @executable_path/Frameworks @loader_path/Frameworks";
				PRODUCT_BUNDLE_IDENTIFIER = up2school.Up2SchoolTests;
				PRODUCT_NAME = "$(TARGET_NAME)";
				SWIFT_VERSION = 3.0;
				TEST_HOST = "$(BUILT_PRODUCTS_DIR)/Up2School.app/Up2School";
			};
			name = Release;
		};
		FF4A75CC1EA21AA600594981 /* Debug */ = {
			isa = XCBuildConfiguration;
			buildSettings = {
				ALWAYS_EMBED_SWIFT_STANDARD_LIBRARIES = YES;
				DEVELOPMENT_TEAM = QE33WF5A23;
				INFOPLIST_FILE = Up2SchoolUITests/Info.plist;
				LD_RUNPATH_SEARCH_PATHS = "$(inherited) @executable_path/Frameworks @loader_path/Frameworks";
				PRODUCT_BUNDLE_IDENTIFIER = up2school.Up2SchoolUITests;
				PRODUCT_NAME = "$(TARGET_NAME)";
				SWIFT_VERSION = 3.0;
				TEST_TARGET_NAME = Up2School;
			};
			name = Debug;
		};
		FF4A75CD1EA21AA600594981 /* Release */ = {
			isa = XCBuildConfiguration;
			buildSettings = {
				ALWAYS_EMBED_SWIFT_STANDARD_LIBRARIES = YES;
				DEVELOPMENT_TEAM = QE33WF5A23;
				INFOPLIST_FILE = Up2SchoolUITests/Info.plist;
				LD_RUNPATH_SEARCH_PATHS = "$(inherited) @executable_path/Frameworks @loader_path/Frameworks";
				PRODUCT_BUNDLE_IDENTIFIER = up2school.Up2SchoolUITests;
				PRODUCT_NAME = "$(TARGET_NAME)";
				SWIFT_VERSION = 3.0;
				TEST_TARGET_NAME = Up2School;
			};
			name = Release;
		};
/* End XCBuildConfiguration section */

/* Begin XCConfigurationList section */
		FF4A75981EA21AA600594981 /* Build configuration list for PBXProject "Up2School" */ = {
			isa = XCConfigurationList;
			buildConfigurations = (
				FF4A75C31EA21AA600594981 /* Debug */,
				FF4A75C41EA21AA600594981 /* Release */,
			);
			defaultConfigurationIsVisible = 0;
			defaultConfigurationName = Release;
		};
		FF4A75C51EA21AA600594981 /* Build configuration list for PBXNativeTarget "Up2School" */ = {
			isa = XCConfigurationList;
			buildConfigurations = (
				FF4A75C61EA21AA600594981 /* Debug */,
				FF4A75C71EA21AA600594981 /* Release */,
			);
			defaultConfigurationIsVisible = 0;
			defaultConfigurationName = Release;
		};
		FF4A75C81EA21AA600594981 /* Build configuration list for PBXNativeTarget "Up2SchoolTests" */ = {
			isa = XCConfigurationList;
			buildConfigurations = (
				FF4A75C91EA21AA600594981 /* Debug */,
				FF4A75CA1EA21AA600594981 /* Release */,
			);
			defaultConfigurationIsVisible = 0;
			defaultConfigurationName = Release;
		};
		FF4A75CB1EA21AA600594981 /* Build configuration list for PBXNativeTarget "Up2SchoolUITests" */ = {
			isa = XCConfigurationList;
			buildConfigurations = (
				FF4A75CC1EA21AA600594981 /* Debug */,
				FF4A75CD1EA21AA600594981 /* Release */,
			);
			defaultConfigurationIsVisible = 0;
			defaultConfigurationName = Release;
		};
/* End XCConfigurationList section */
	};
	rootObject = FF4A75951EA21AA600594981 /* Project object */;
}
